
Microsoft Visual Studio Solution File, Format Version 12.00
# Visual Studio Version 17
VisualStudioVersion = 17.9.34622.214
MinimumVisualStudioVersion = 10.0.40219.1
Project("{FAE04EC0-301F-11D3-BF4B-00C04F79EFBC}") = "NotesKeeper", "NotesKeeper.csproj", "{B226E818-AE66-4D12-BC3C-F4A3107FC944}"
EndProject
Global
	GlobalSection(SolutionConfigurationPlatforms) = preSolution
		Debug|Any CPU = Debug|Any CPU
		Release|Any CPU = Release|Any CPU
	EndGlobalSection
	GlobalSection(ProjectConfigurationPlatforms) = postSolution
		{B226E818-AE66-4D12-BC3C-F4A3107FC944}.Debug|Any CPU.ActiveCfg = Debug|Any CPU
		{B226E818-AE66-4D12-BC3C-F4A3107FC944}.Debug|Any CPU.Build.0 = Debug|Any CPU
		{B226E818-AE66-4D12-BC3C-F4A3107FC944}.Debug|Any CPU.Deploy.0 = Debug|Any CPU
		{B226E818-AE66-4D12-BC3C-F4A3107FC944}.Release|Any CPU.ActiveCfg = Release|Any CPU
		{B226E818-AE66-4D12-BC3C-F4A3107FC944}.Release|Any CPU.Build.0 = Release|Any CPU
		{B226E818-AE66-4D12-BC3C-F4A3107FC944}.Release|Any CPU.Deploy.0 = Release|Any CPU
	EndGlobalSection
	GlobalSection(SolutionProperties) = preSolution
		HideSolutionNode = FALSE
	EndGlobalSection
	GlobalSection(ExtensibilityGlobals) = postSolution
		SolutionGuid = {A77C4B99-946D-4592-AD0F-403F05CEDC17}
	EndGlobalSection
EndGlobal
